// !$*UTF8*$!
{
	archiveVersion = 1;
	classes = {
	};
	objectVersion = 52;
	objects = {

/* Begin PBXBuildFile section */
		2525DA2D2603BFC000F35C0F /* Resources.swift in Sources */ = {isa = PBXBuildFile; fileRef = 2525DA2C2603BFC000F35C0F /* Resources.swift */; };
		253DEA9825F17C8600070471 /* Project_bApp.swift in Sources */ = {isa = PBXBuildFile; fileRef = 253DEA9725F17C8600070471 /* Project_bApp.swift */; };
		253DEA9A25F17C8600070471 /* ContentView.swift in Sources */ = {isa = PBXBuildFile; fileRef = 253DEA9925F17C8600070471 /* ContentView.swift */; };
		253DEA9C25F17C8900070471 /* Assets.xcassets in Resources */ = {isa = PBXBuildFile; fileRef = 253DEA9B25F17C8900070471 /* Assets.xcassets */; };
		253DEA9F25F17C8900070471 /* Preview Assets.xcassets in Resources */ = {isa = PBXBuildFile; fileRef = 253DEA9E25F17C8900070471 /* Preview Assets.xcassets */; };
		253DEAAA25F17C8900070471 /* Project_bTests.swift in Sources */ = {isa = PBXBuildFile; fileRef = 253DEAA925F17C8900070471 /* Project_bTests.swift */; };
		253DEAB525F17C8900070471 /* Project_bUITests.swift in Sources */ = {isa = PBXBuildFile; fileRef = 253DEAB425F17C8900070471 /* Project_bUITests.swift */; };
		253DEAC625F17F9300070471 /* GameModel.swift in Sources */ = {isa = PBXBuildFile; fileRef = 253DEAC525F17F9200070471 /* GameModel.swift */; };
		253DEACB25F1803E00070471 /* GameViewModel.swift in Sources */ = {isa = PBXBuildFile; fileRef = 253DEACA25F1803E00070471 /* GameViewModel.swift */; };
		254B32E426040E1200EBE961 /* GameMapView.swift in Sources */ = {isa = PBXBuildFile; fileRef = 254B32E326040E1200EBE961 /* GameMapView.swift */; };
		254B32EC26040E9600EBE961 /* HexTileView.swift in Sources */ = {isa = PBXBuildFile; fileRef = 254B32EB26040E9600EBE961 /* HexTileView.swift */; };
		254B32F126040F1F00EBE961 /* ResourcePanelView.swift in Sources */ = {isa = PBXBuildFile; fileRef = 254B32F026040F1F00EBE961 /* ResourcePanelView.swift */; };
		254B32F926040F5000EBE961 /* TapIndicatorView.swift in Sources */ = {isa = PBXBuildFile; fileRef = 254B32F826040F5000EBE961 /* TapIndicatorView.swift */; };
		25545D332620C7DC008CECD1 /* ActionPanelView.swift in Sources */ = {isa = PBXBuildFile; fileRef = 25545D322620C7DC008CECD1 /* ActionPanelView.swift */; };
		25545D372620C86E008CECD1 /* ActionPanelTabsView.swift in Sources */ = {isa = PBXBuildFile; fileRef = 25545D362620C86E008CECD1 /* ActionPanelTabsView.swift */; };
		25545D3B2620CF4A008CECD1 /* ShopPanelView.swift in Sources */ = {isa = PBXBuildFile; fileRef = 25545D3A2620CF4A008CECD1 /* ShopPanelView.swift */; };
		25593B8D25FEB3320098040E /* Terrain.swift in Sources */ = {isa = PBXBuildFile; fileRef = 25593B8C25FEB3320098040E /* Terrain.swift */; };
		25723BEC26051DD500869E49 /* Structures.swift in Sources */ = {isa = PBXBuildFile; fileRef = 25723BEB26051DD500869E49 /* Structures.swift */; };
		2580E88926150D0100761CC3 /* GameContent.swift in Sources */ = {isa = PBXBuildFile; fileRef = 2580E88826150D0100761CC3 /* GameContent.swift */; };
		25DCC785260BC61E006E23EA /* Deque in Frameworks */ = {isa = PBXBuildFile; productRef = 25DCC784260BC61E006E23EA /* Deque */; };
		25DCC786260BC61E006E23EA /* Deque in Embed Frameworks */ = {isa = PBXBuildFile; productRef = 25DCC784260BC61E006E23EA /* Deque */; settings = {ATTRIBUTES = (CodeSignOnCopy, ); }; };
		25DCC78B260BDEB1006E23EA /* TapIndicatorsView.swift in Sources */ = {isa = PBXBuildFile; fileRef = 25DCC78A260BDEB1006E23EA /* TapIndicatorsView.swift */; };
		25DCC793260BE6E9006E23EA /* InfoPanelView.swift in Sources */ = {isa = PBXBuildFile; fileRef = 25DCC792260BE6E9006E23EA /* InfoPanelView.swift */; };
/* End PBXBuildFile section */

/* Begin PBXContainerItemProxy section */
		253DEAA625F17C8900070471 /* PBXContainerItemProxy */ = {
			isa = PBXContainerItemProxy;
			containerPortal = 253DEA8C25F17C8600070471 /* Project object */;
			proxyType = 1;
			remoteGlobalIDString = 253DEA9325F17C8600070471;
			remoteInfo = "Project-b";
		};
		253DEAB125F17C8900070471 /* PBXContainerItemProxy */ = {
			isa = PBXContainerItemProxy;
			containerPortal = 253DEA8C25F17C8600070471 /* Project object */;
			proxyType = 1;
			remoteGlobalIDString = 253DEA9325F17C8600070471;
			remoteInfo = "Project-b";
		};
/* End PBXContainerItemProxy section */

/* Begin PBXCopyFilesBuildPhase section */
		25DCC787260BC61E006E23EA /* Embed Frameworks */ = {
			isa = PBXCopyFilesBuildPhase;
			buildActionMask = 2147483647;
			dstPath = "";
			dstSubfolderSpec = 10;
			files = (
				25DCC786260BC61E006E23EA /* Deque in Embed Frameworks */,
			);
			name = "Embed Frameworks";
			runOnlyForDeploymentPostprocessing = 0;
		};
/* End PBXCopyFilesBuildPhase section */

/* Begin PBXFileReference section */
		2525DA2C2603BFC000F35C0F /* Resources.swift */ = {isa = PBXFileReference; lastKnownFileType = sourcecode.swift; path = Resources.swift; sourceTree = "<group>"; };
		253DEA9425F17C8600070471 /* Project-b.app */ = {isa = PBXFileReference; explicitFileType = wrapper.application; includeInIndex = 0; path = "Project-b.app"; sourceTree = BUILT_PRODUCTS_DIR; };
		253DEA9725F17C8600070471 /* Project_bApp.swift */ = {isa = PBXFileReference; lastKnownFileType = sourcecode.swift; path = Project_bApp.swift; sourceTree = "<group>"; };
		253DEA9925F17C8600070471 /* ContentView.swift */ = {isa = PBXFileReference; lastKnownFileType = sourcecode.swift; path = ContentView.swift; sourceTree = "<group>"; };
		253DEA9B25F17C8900070471 /* Assets.xcassets */ = {isa = PBXFileReference; lastKnownFileType = folder.assetcatalog; path = Assets.xcassets; sourceTree = "<group>"; };
		253DEA9E25F17C8900070471 /* Preview Assets.xcassets */ = {isa = PBXFileReference; lastKnownFileType = folder.assetcatalog; path = "Preview Assets.xcassets"; sourceTree = "<group>"; };
		253DEAA025F17C8900070471 /* Info.plist */ = {isa = PBXFileReference; lastKnownFileType = text.plist.xml; path = Info.plist; sourceTree = "<group>"; };
		253DEAA525F17C8900070471 /* Project-bTests.xctest */ = {isa = PBXFileReference; explicitFileType = wrapper.cfbundle; includeInIndex = 0; path = "Project-bTests.xctest"; sourceTree = BUILT_PRODUCTS_DIR; };
		253DEAA925F17C8900070471 /* Project_bTests.swift */ = {isa = PBXFileReference; lastKnownFileType = sourcecode.swift; path = Project_bTests.swift; sourceTree = "<group>"; };
		253DEAAB25F17C8900070471 /* Info.plist */ = {isa = PBXFileReference; lastKnownFileType = text.plist.xml; path = Info.plist; sourceTree = "<group>"; };
		253DEAB025F17C8900070471 /* Project-bUITests.xctest */ = {isa = PBXFileReference; explicitFileType = wrapper.cfbundle; includeInIndex = 0; path = "Project-bUITests.xctest"; sourceTree = BUILT_PRODUCTS_DIR; };
		253DEAB425F17C8900070471 /* Project_bUITests.swift */ = {isa = PBXFileReference; lastKnownFileType = sourcecode.swift; path = Project_bUITests.swift; sourceTree = "<group>"; };
		253DEAB625F17C8900070471 /* Info.plist */ = {isa = PBXFileReference; lastKnownFileType = text.plist.xml; path = Info.plist; sourceTree = "<group>"; };
		253DEAC525F17F9200070471 /* GameModel.swift */ = {isa = PBXFileReference; lastKnownFileType = sourcecode.swift; path = GameModel.swift; sourceTree = "<group>"; };
		253DEACA25F1803E00070471 /* GameViewModel.swift */ = {isa = PBXFileReference; lastKnownFileType = sourcecode.swift; path = GameViewModel.swift; sourceTree = "<group>"; };
		254B32E326040E1200EBE961 /* GameMapView.swift */ = {isa = PBXFileReference; lastKnownFileType = sourcecode.swift; path = GameMapView.swift; sourceTree = "<group>"; };
		254B32EB26040E9600EBE961 /* HexTileView.swift */ = {isa = PBXFileReference; lastKnownFileType = sourcecode.swift; path = HexTileView.swift; sourceTree = "<group>"; };
		254B32F026040F1F00EBE961 /* ResourcePanelView.swift */ = {isa = PBXFileReference; lastKnownFileType = sourcecode.swift; path = ResourcePanelView.swift; sourceTree = "<group>"; };
		254B32F826040F5000EBE961 /* TapIndicatorView.swift */ = {isa = PBXFileReference; lastKnownFileType = sourcecode.swift; path = TapIndicatorView.swift; sourceTree = "<group>"; };
		25545D322620C7DC008CECD1 /* ActionPanelView.swift */ = {isa = PBXFileReference; lastKnownFileType = sourcecode.swift; path = ActionPanelView.swift; sourceTree = "<group>"; };
		25545D362620C86E008CECD1 /* ActionPanelTabsView.swift */ = {isa = PBXFileReference; lastKnownFileType = sourcecode.swift; path = ActionPanelTabsView.swift; sourceTree = "<group>"; };
		25545D3A2620CF4A008CECD1 /* ShopPanelView.swift */ = {isa = PBXFileReference; lastKnownFileType = sourcecode.swift; path = ShopPanelView.swift; sourceTree = "<group>"; };
		25593B8C25FEB3320098040E /* Terrain.swift */ = {isa = PBXFileReference; lastKnownFileType = sourcecode.swift; path = Terrain.swift; sourceTree = "<group>"; };
		25723BEB26051DD500869E49 /* Structures.swift */ = {isa = PBXFileReference; lastKnownFileType = sourcecode.swift; path = Structures.swift; sourceTree = "<group>"; };
		2580E88826150D0100761CC3 /* GameContent.swift */ = {isa = PBXFileReference; lastKnownFileType = sourcecode.swift; path = GameContent.swift; sourceTree = "<group>"; };
		25DCC78A260BDEB1006E23EA /* TapIndicatorsView.swift */ = {isa = PBXFileReference; lastKnownFileType = sourcecode.swift; path = TapIndicatorsView.swift; sourceTree = "<group>"; };
		25DCC792260BE6E9006E23EA /* InfoPanelView.swift */ = {isa = PBXFileReference; lastKnownFileType = sourcecode.swift; path = InfoPanelView.swift; sourceTree = "<group>"; };
/* End PBXFileReference section */

/* Begin PBXFrameworksBuildPhase section */
		253DEA9125F17C8600070471 /* Frameworks */ = {
			isa = PBXFrameworksBuildPhase;
			buildActionMask = 2147483647;
			files = (
				25DCC785260BC61E006E23EA /* Deque in Frameworks */,
			);
			runOnlyForDeploymentPostprocessing = 0;
		};
		253DEAA225F17C8900070471 /* Frameworks */ = {
			isa = PBXFrameworksBuildPhase;
			buildActionMask = 2147483647;
			files = (
			);
			runOnlyForDeploymentPostprocessing = 0;
		};
		253DEAAD25F17C8900070471 /* Frameworks */ = {
			isa = PBXFrameworksBuildPhase;
			buildActionMask = 2147483647;
			files = (
			);
			runOnlyForDeploymentPostprocessing = 0;
		};
/* End PBXFrameworksBuildPhase section */

/* Begin PBXGroup section */
		253DEA8B25F17C8600070471 = {
			isa = PBXGroup;
			children = (
				253DEA9625F17C8600070471 /* Project-b */,
				253DEAA825F17C8900070471 /* Project-bTests */,
				253DEAB325F17C8900070471 /* Project-bUITests */,
				253DEA9525F17C8600070471 /* Products */,
			);
			sourceTree = "<group>";
		};
		253DEA9525F17C8600070471 /* Products */ = {
			isa = PBXGroup;
			children = (
				253DEA9425F17C8600070471 /* Project-b.app */,
				253DEAA525F17C8900070471 /* Project-bTests.xctest */,
				253DEAB025F17C8900070471 /* Project-bUITests.xctest */,
			);
			name = Products;
			sourceTree = "<group>";
		};
		253DEA9625F17C8600070471 /* Project-b */ = {
			isa = PBXGroup;
			children = (
				253DEA9725F17C8600070471 /* Project_bApp.swift */,
				253DEA9B25F17C8900070471 /* Assets.xcassets */,
				253DEAA025F17C8900070471 /* Info.plist */,
				253DEA9D25F17C8900070471 /* Preview Content */,
				25DCC78F260BDF2B006E23EA /* M */,
				253DEACA25F1803E00070471 /* GameViewModel.swift */,
				25DCC78E260BDF14006E23EA /* V */,
			);
			path = "Project-b";
			sourceTree = "<group>";
		};
		253DEA9D25F17C8900070471 /* Preview Content */ = {
			isa = PBXGroup;
			children = (
				253DEA9E25F17C8900070471 /* Preview Assets.xcassets */,
			);
			path = "Preview Content";
			sourceTree = "<group>";
		};
		253DEAA825F17C8900070471 /* Project-bTests */ = {
			isa = PBXGroup;
			children = (
				253DEAA925F17C8900070471 /* Project_bTests.swift */,
				253DEAAB25F17C8900070471 /* Info.plist */,
			);
			path = "Project-bTests";
			sourceTree = "<group>";
		};
		253DEAB325F17C8900070471 /* Project-bUITests */ = {
			isa = PBXGroup;
			children = (
				253DEAB425F17C8900070471 /* Project_bUITests.swift */,
				253DEAB625F17C8900070471 /* Info.plist */,
			);
			path = "Project-bUITests";
			sourceTree = "<group>";
		};
		25DCC78E260BDF14006E23EA /* V */ = {
			isa = PBXGroup;
			children = (
				253DEA9925F17C8600070471 /* ContentView.swift */,
				2580E88826150D0100761CC3 /* GameContent.swift */,
				254B32E326040E1200EBE961 /* GameMapView.swift */,
				254B32EB26040E9600EBE961 /* HexTileView.swift */,
				25DCC78A260BDEB1006E23EA /* TapIndicatorsView.swift */,
				254B32F826040F5000EBE961 /* TapIndicatorView.swift */,
				25545D322620C7DC008CECD1 /* ActionPanelView.swift */,
				25545D362620C86E008CECD1 /* ActionPanelTabsView.swift */,
				254B32F026040F1F00EBE961 /* ResourcePanelView.swift */,
				25545D3A2620CF4A008CECD1 /* ShopPanelView.swift */,
				25DCC792260BE6E9006E23EA /* InfoPanelView.swift */,
			);
			name = V;
			sourceTree = "<group>";
		};
		25DCC78F260BDF2B006E23EA /* M */ = {
			isa = PBXGroup;
			children = (
				253DEAC525F17F9200070471 /* GameModel.swift */,
				25723BEB26051DD500869E49 /* Structures.swift */,
				2525DA2C2603BFC000F35C0F /* Resources.swift */,
				25593B8C25FEB3320098040E /* Terrain.swift */,
			);
			name = M;
			sourceTree = "<group>";
		};
/* End PBXGroup section */

/* Begin PBXNativeTarget section */
		253DEA9325F17C8600070471 /* Project-b */ = {
			isa = PBXNativeTarget;
			buildConfigurationList = 253DEAB925F17C8900070471 /* Build configuration list for PBXNativeTarget "Project-b" */;
			buildPhases = (
				253DEA9025F17C8600070471 /* Sources */,
				253DEA9125F17C8600070471 /* Frameworks */,
				253DEA9225F17C8600070471 /* Resources */,
				25DCC787260BC61E006E23EA /* Embed Frameworks */,
			);
			buildRules = (
			);
			dependencies = (
			);
			name = "Project-b";
			packageProductDependencies = (
				25DCC784260BC61E006E23EA /* Deque */,
			);
			productName = "Project-b";
			productReference = 253DEA9425F17C8600070471 /* Project-b.app */;
			productType = "com.apple.product-type.application";
		};
		253DEAA425F17C8900070471 /* Project-bTests */ = {
			isa = PBXNativeTarget;
			buildConfigurationList = 253DEABC25F17C8900070471 /* Build configuration list for PBXNativeTarget "Project-bTests" */;
			buildPhases = (
				253DEAA125F17C8900070471 /* Sources */,
				253DEAA225F17C8900070471 /* Frameworks */,
				253DEAA325F17C8900070471 /* Resources */,
			);
			buildRules = (
			);
			dependencies = (
				253DEAA725F17C8900070471 /* PBXTargetDependency */,
			);
			name = "Project-bTests";
			productName = "Project-bTests";
			productReference = 253DEAA525F17C8900070471 /* Project-bTests.xctest */;
			productType = "com.apple.product-type.bundle.unit-test";
		};
		253DEAAF25F17C8900070471 /* Project-bUITests */ = {
			isa = PBXNativeTarget;
			buildConfigurationList = 253DEABF25F17C8900070471 /* Build configuration list for PBXNativeTarget "Project-bUITests" */;
			buildPhases = (
				253DEAAC25F17C8900070471 /* Sources */,
				253DEAAD25F17C8900070471 /* Frameworks */,
				253DEAAE25F17C8900070471 /* Resources */,
			);
			buildRules = (
			);
			dependencies = (
				253DEAB225F17C8900070471 /* PBXTargetDependency */,
			);
			name = "Project-bUITests";
			productName = "Project-bUITests";
			productReference = 253DEAB025F17C8900070471 /* Project-bUITests.xctest */;
			productType = "com.apple.product-type.bundle.ui-testing";
		};
/* End PBXNativeTarget section */

/* Begin PBXProject section */
		253DEA8C25F17C8600070471 /* Project object */ = {
			isa = PBXProject;
			attributes = {
				LastSwiftUpdateCheck = 1240;
				LastUpgradeCheck = 1240;
				TargetAttributes = {
					253DEA9325F17C8600070471 = {
						CreatedOnToolsVersion = 12.4;
					};
					253DEAA425F17C8900070471 = {
						CreatedOnToolsVersion = 12.4;
						TestTargetID = 253DEA9325F17C8600070471;
					};
					253DEAAF25F17C8900070471 = {
						CreatedOnToolsVersion = 12.4;
						TestTargetID = 253DEA9325F17C8600070471;
					};
				};
			};
			buildConfigurationList = 253DEA8F25F17C8600070471 /* Build configuration list for PBXProject "Project-b" */;
			compatibilityVersion = "Xcode 9.3";
			developmentRegion = en;
			hasScannedForEncodings = 0;
			knownRegions = (
				en,
				Base,
			);
			mainGroup = 253DEA8B25F17C8600070471;
			packageReferences = (
				25DCC783260BC61E006E23EA /* XCRemoteSwiftPackageReference "Deque" */,
			);
			productRefGroup = 253DEA9525F17C8600070471 /* Products */;
			projectDirPath = "";
			projectRoot = "";
			targets = (
				253DEA9325F17C8600070471 /* Project-b */,
				253DEAA425F17C8900070471 /* Project-bTests */,
				253DEAAF25F17C8900070471 /* Project-bUITests */,
			);
		};
/* End PBXProject section */

/* Begin PBXResourcesBuildPhase section */
		253DEA9225F17C8600070471 /* Resources */ = {
			isa = PBXResourcesBuildPhase;
			buildActionMask = 2147483647;
			files = (
				253DEA9F25F17C8900070471 /* Preview Assets.xcassets in Resources */,
				253DEA9C25F17C8900070471 /* Assets.xcassets in Resources */,
			);
			runOnlyForDeploymentPostprocessing = 0;
		};
		253DEAA325F17C8900070471 /* Resources */ = {
			isa = PBXResourcesBuildPhase;
			buildActionMask = 2147483647;
			files = (
			);
			runOnlyForDeploymentPostprocessing = 0;
		};
		253DEAAE25F17C8900070471 /* Resources */ = {
			isa = PBXResourcesBuildPhase;
			buildActionMask = 2147483647;
			files = (
			);
			runOnlyForDeploymentPostprocessing = 0;
		};
/* End PBXResourcesBuildPhase section */

/* Begin PBXSourcesBuildPhase section */
		253DEA9025F17C8600070471 /* Sources */ = {
			isa = PBXSourcesBuildPhase;
			buildActionMask = 2147483647;
			files = (
				253DEACB25F1803E00070471 /* GameViewModel.swift in Sources */,
				25545D3B2620CF4A008CECD1 /* ShopPanelView.swift in Sources */,
				2580E88926150D0100761CC3 /* GameContent.swift in Sources */,
				253DEA9A25F17C8600070471 /* ContentView.swift in Sources */,
				25545D332620C7DC008CECD1 /* ActionPanelView.swift in Sources */,
				254B32EC26040E9600EBE961 /* HexTileView.swift in Sources */,
				25593B8D25FEB3320098040E /* Terrain.swift in Sources */,
				25DCC78B260BDEB1006E23EA /* TapIndicatorsView.swift in Sources */,
				25545D372620C86E008CECD1 /* ActionPanelTabsView.swift in Sources */,
				254B32F926040F5000EBE961 /* TapIndicatorView.swift in Sources */,
				2525DA2D2603BFC000F35C0F /* Resources.swift in Sources */,
				254B32F126040F1F00EBE961 /* ResourcePanelView.swift in Sources */,
				25723BEC26051DD500869E49 /* Structures.swift in Sources */,
				254B32E426040E1200EBE961 /* GameMapView.swift in Sources */,
				253DEA9825F17C8600070471 /* Project_bApp.swift in Sources */,
				253DEAC625F17F9300070471 /* GameModel.swift in Sources */,
				25DCC793260BE6E9006E23EA /* InfoPanelView.swift in Sources */,
			);
			runOnlyForDeploymentPostprocessing = 0;
		};
		253DEAA125F17C8900070471 /* Sources */ = {
			isa = PBXSourcesBuildPhase;
			buildActionMask = 2147483647;
			files = (
				253DEAAA25F17C8900070471 /* Project_bTests.swift in Sources */,
			);
			runOnlyForDeploymentPostprocessing = 0;
		};
		253DEAAC25F17C8900070471 /* Sources */ = {
			isa = PBXSourcesBuildPhase;
			buildActionMask = 2147483647;
			files = (
				253DEAB525F17C8900070471 /* Project_bUITests.swift in Sources */,
			);
			runOnlyForDeploymentPostprocessing = 0;
		};
/* End PBXSourcesBuildPhase section */

/* Begin PBXTargetDependency section */
		253DEAA725F17C8900070471 /* PBXTargetDependency */ = {
			isa = PBXTargetDependency;
			target = 253DEA9325F17C8600070471 /* Project-b */;
			targetProxy = 253DEAA625F17C8900070471 /* PBXContainerItemProxy */;
		};
		253DEAB225F17C8900070471 /* PBXTargetDependency */ = {
			isa = PBXTargetDependency;
			target = 253DEA9325F17C8600070471 /* Project-b */;
			targetProxy = 253DEAB125F17C8900070471 /* PBXContainerItemProxy */;
		};
/* End PBXTargetDependency section */

/* Begin XCBuildConfiguration section */
		253DEAB725F17C8900070471 /* Debug */ = {
			isa = XCBuildConfiguration;
			buildSettings = {
				ALWAYS_SEARCH_USER_PATHS = NO;
				CLANG_ANALYZER_NONNULL = YES;
				CLANG_ANALYZER_NUMBER_OBJECT_CONVERSION = YES_AGGRESSIVE;
				CLANG_CXX_LANGUAGE_STANDARD = "gnu++14";
				CLANG_CXX_LIBRARY = "libc++";
				CLANG_ENABLE_MODULES = YES;
				CLANG_ENABLE_OBJC_ARC = YES;
				CLANG_ENABLE_OBJC_WEAK = YES;
				CLANG_WARN_BLOCK_CAPTURE_AUTORELEASING = YES;
				CLANG_WARN_BOOL_CONVERSION = YES;
				CLANG_WARN_COMMA = YES;
				CLANG_WARN_CONSTANT_CONVERSION = YES;
				CLANG_WARN_DEPRECATED_OBJC_IMPLEMENTATIONS = YES;
				CLANG_WARN_DIRECT_OBJC_ISA_USAGE = YES_ERROR;
				CLANG_WARN_DOCUMENTATION_COMMENTS = YES;
				CLANG_WARN_EMPTY_BODY = YES;
				CLANG_WARN_ENUM_CONVERSION = YES;
				CLANG_WARN_INFINITE_RECURSION = YES;
				CLANG_WARN_INT_CONVERSION = YES;
				CLANG_WARN_NON_LITERAL_NULL_CONVERSION = YES;
				CLANG_WARN_OBJC_IMPLICIT_RETAIN_SELF = YES;
				CLANG_WARN_OBJC_LITERAL_CONVERSION = YES;
				CLANG_WARN_OBJC_ROOT_CLASS = YES_ERROR;
				CLANG_WARN_QUOTED_INCLUDE_IN_FRAMEWORK_HEADER = YES;
				CLANG_WARN_RANGE_LOOP_ANALYSIS = YES;
				CLANG_WARN_STRICT_PROTOTYPES = YES;
				CLANG_WARN_SUSPICIOUS_MOVE = YES;
				CLANG_WARN_UNGUARDED_AVAILABILITY = YES_AGGRESSIVE;
				CLANG_WARN_UNREACHABLE_CODE = YES;
				CLANG_WARN__DUPLICATE_METHOD_MATCH = YES;
				COPY_PHASE_STRIP = NO;
				DEBUG_INFORMATION_FORMAT = dwarf;
				ENABLE_STRICT_OBJC_MSGSEND = YES;
				ENABLE_TESTABILITY = YES;
				GCC_C_LANGUAGE_STANDARD = gnu11;
				GCC_DYNAMIC_NO_PIC = NO;
				GCC_NO_COMMON_BLOCKS = YES;
				GCC_OPTIMIZATION_LEVEL = 0;
				GCC_PREPROCESSOR_DEFINITIONS = (
					"DEBUG=1",
					"$(inherited)",
				);
				GCC_WARN_64_TO_32_BIT_CONVERSION = YES;
				GCC_WARN_ABOUT_RETURN_TYPE = YES_ERROR;
				GCC_WARN_UNDECLARED_SELECTOR = YES;
				GCC_WARN_UNINITIALIZED_AUTOS = YES_AGGRESSIVE;
				GCC_WARN_UNUSED_FUNCTION = YES;
				GCC_WARN_UNUSED_VARIABLE = YES;
				IPHONEOS_DEPLOYMENT_TARGET = 14.4;
				MTL_ENABLE_DEBUG_INFO = INCLUDE_SOURCE;
				MTL_FAST_MATH = YES;
				ONLY_ACTIVE_ARCH = YES;
				SDKROOT = iphoneos;
				SWIFT_ACTIVE_COMPILATION_CONDITIONS = DEBUG;
				SWIFT_OPTIMIZATION_LEVEL = "-Onone";
			};
			name = Debug;
		};
		253DEAB825F17C8900070471 /* Release */ = {
			isa = XCBuildConfiguration;
			buildSettings = {
				ALWAYS_SEARCH_USER_PATHS = NO;
				CLANG_ANALYZER_NONNULL = YES;
				CLANG_ANALYZER_NUMBER_OBJECT_CONVERSION = YES_AGGRESSIVE;
				CLANG_CXX_LANGUAGE_STANDARD = "gnu++14";
				CLANG_CXX_LIBRARY = "libc++";
				CLANG_ENABLE_MODULES = YES;
				CLANG_ENABLE_OBJC_ARC = YES;
				CLANG_ENABLE_OBJC_WEAK = YES;
				CLANG_WARN_BLOCK_CAPTURE_AUTORELEASING = YES;
				CLANG_WARN_BOOL_CONVERSION = YES;
				CLANG_WARN_COMMA = YES;
				CLANG_WARN_CONSTANT_CONVERSION = YES;
				CLANG_WARN_DEPRECATED_OBJC_IMPLEMENTATIONS = YES;
				CLANG_WARN_DIRECT_OBJC_ISA_USAGE = YES_ERROR;
				CLANG_WARN_DOCUMENTATION_COMMENTS = YES;
				CLANG_WARN_EMPTY_BODY = YES;
				CLANG_WARN_ENUM_CONVERSION = YES;
				CLANG_WARN_INFINITE_RECURSION = YES;
				CLANG_WARN_INT_CONVERSION = YES;
				CLANG_WARN_NON_LITERAL_NULL_CONVERSION = YES;
				CLANG_WARN_OBJC_IMPLICIT_RETAIN_SELF = YES;
				CLANG_WARN_OBJC_LITERAL_CONVERSION = YES;
				CLANG_WARN_OBJC_ROOT_CLASS = YES_ERROR;
				CLANG_WARN_QUOTED_INCLUDE_IN_FRAMEWORK_HEADER = YES;
				CLANG_WARN_RANGE_LOOP_ANALYSIS = YES;
				CLANG_WARN_STRICT_PROTOTYPES = YES;
				CLANG_WARN_SUSPICIOUS_MOVE = YES;
				CLANG_WARN_UNGUARDED_AVAILABILITY = YES_AGGRESSIVE;
				CLANG_WARN_UNREACHABLE_CODE = YES;
				CLANG_WARN__DUPLICATE_METHOD_MATCH = YES;
				COPY_PHASE_STRIP = NO;
				DEBUG_INFORMATION_FORMAT = "dwarf-with-dsym";
				ENABLE_NS_ASSERTIONS = NO;
				ENABLE_STRICT_OBJC_MSGSEND = YES;
				GCC_C_LANGUAGE_STANDARD = gnu11;
				GCC_NO_COMMON_BLOCKS = YES;
				GCC_WARN_64_TO_32_BIT_CONVERSION = YES;
				GCC_WARN_ABOUT_RETURN_TYPE = YES_ERROR;
				GCC_WARN_UNDECLARED_SELECTOR = YES;
				GCC_WARN_UNINITIALIZED_AUTOS = YES_AGGRESSIVE;
				GCC_WARN_UNUSED_FUNCTION = YES;
				GCC_WARN_UNUSED_VARIABLE = YES;
				IPHONEOS_DEPLOYMENT_TARGET = 14.4;
				MTL_ENABLE_DEBUG_INFO = NO;
				MTL_FAST_MATH = YES;
				SDKROOT = iphoneos;
				SWIFT_COMPILATION_MODE = wholemodule;
				SWIFT_OPTIMIZATION_LEVEL = "-O";
				VALIDATE_PRODUCT = YES;
			};
			name = Release;
		};
		253DEABA25F17C8900070471 /* Debug */ = {
			isa = XCBuildConfiguration;
			buildSettings = {
				ASSETCATALOG_COMPILER_APPICON_NAME = AppIcon;
				ASSETCATALOG_COMPILER_GLOBAL_ACCENT_COLOR_NAME = AccentColor;
				CODE_SIGN_STYLE = Automatic;
				DEVELOPMENT_ASSET_PATHS = "\"Project-b/Preview Content\"";
				DEVELOPMENT_TEAM = M25R2TLBJY;
				ENABLE_PREVIEWS = YES;
				INFOPLIST_FILE = "Project-b/Info.plist";
				IPHONEOS_DEPLOYMENT_TARGET = 14.0;
				LD_RUNPATH_SEARCH_PATHS = (
					"$(inherited)",
					"@executable_path/Frameworks",
				);
				PRODUCT_BUNDLE_IDENTIFIER = "Dylan-Whitehurst.Project-b";
				PRODUCT_NAME = "$(TARGET_NAME)";
				SWIFT_VERSION = 5.0;
				TARGETED_DEVICE_FAMILY = "1,2";
			};
			name = Debug;
		};
		253DEABB25F17C8900070471 /* Release */ = {
			isa = XCBuildConfiguration;
			buildSettings = {
				ASSETCATALOG_COMPILER_APPICON_NAME = AppIcon;
				ASSETCATALOG_COMPILER_GLOBAL_ACCENT_COLOR_NAME = AccentColor;
				CODE_SIGN_STYLE = Automatic;
				DEVELOPMENT_ASSET_PATHS = "\"Project-b/Preview Content\"";
				DEVELOPMENT_TEAM = M25R2TLBJY;
				ENABLE_PREVIEWS = YES;
				INFOPLIST_FILE = "Project-b/Info.plist";
				IPHONEOS_DEPLOYMENT_TARGET = 14.0;
				LD_RUNPATH_SEARCH_PATHS = (
					"$(inherited)",
					"@executable_path/Frameworks",
				);
				PRODUCT_BUNDLE_IDENTIFIER = "Dylan-Whitehurst.Project-b";
				PRODUCT_NAME = "$(TARGET_NAME)";
				SWIFT_VERSION = 5.0;
				TARGETED_DEVICE_FAMILY = "1,2";
			};
			name = Release;
		};
		253DEABD25F17C8900070471 /* Debug */ = {
			isa = XCBuildConfiguration;
			buildSettings = {
				ALWAYS_EMBED_SWIFT_STANDARD_LIBRARIES = YES;
				BUNDLE_LOADER = "$(TEST_HOST)";
				CODE_SIGN_STYLE = Automatic;
				INFOPLIST_FILE = "Project-bTests/Info.plist";
				IPHONEOS_DEPLOYMENT_TARGET = 14.0;
				LD_RUNPATH_SEARCH_PATHS = (
					"$(inherited)",
					"@executable_path/Frameworks",
					"@loader_path/Frameworks",
				);
				PRODUCT_BUNDLE_IDENTIFIER = "Dylan-Whitehurst.Project-bTests";
				PRODUCT_NAME = "$(TARGET_NAME)";
				SWIFT_VERSION = 5.0;
				TARGETED_DEVICE_FAMILY = "1,2";
				TEST_HOST = "$(BUILT_PRODUCTS_DIR)/Project-b.app/Project-b";
			};
			name = Debug;
		};
		253DEABE25F17C8900070471 /* Release */ = {
			isa = XCBuildConfiguration;
			buildSettings = {
				ALWAYS_EMBED_SWIFT_STANDARD_LIBRARIES = YES;
				BUNDLE_LOADER = "$(TEST_HOST)";
				CODE_SIGN_STYLE = Automatic;
				INFOPLIST_FILE = "Project-bTests/Info.plist";
				IPHONEOS_DEPLOYMENT_TARGET = 14.0;
				LD_RUNPATH_SEARCH_PATHS = (
					"$(inherited)",
					"@executable_path/Frameworks",
					"@loader_path/Frameworks",
				);
				PRODUCT_BUNDLE_IDENTIFIER = "Dylan-Whitehurst.Project-bTests";
				PRODUCT_NAME = "$(TARGET_NAME)";
				SWIFT_VERSION = 5.0;
				TARGETED_DEVICE_FAMILY = "1,2";
				TEST_HOST = "$(BUILT_PRODUCTS_DIR)/Project-b.app/Project-b";
			};
			name = Release;
		};
		253DEAC025F17C8900070471 /* Debug */ = {
			isa = XCBuildConfiguration;
			buildSettings = {
				ALWAYS_EMBED_SWIFT_STANDARD_LIBRARIES = YES;
				CODE_SIGN_STYLE = Automatic;
				INFOPLIST_FILE = "Project-bUITests/Info.plist";
				LD_RUNPATH_SEARCH_PATHS = (
					"$(inherited)",
					"@executable_path/Frameworks",
					"@loader_path/Frameworks",
				);
				PRODUCT_BUNDLE_IDENTIFIER = "Dylan-Whitehurst.Project-bUITests";
				PRODUCT_NAME = "$(TARGET_NAME)";
				SWIFT_VERSION = 5.0;
				TARGETED_DEVICE_FAMILY = "1,2";
				TEST_TARGET_NAME = "Project-b";
			};
			name = Debug;
		};
		253DEAC125F17C8900070471 /* Release */ = {
			isa = XCBuildConfiguration;
			buildSettings = {
				ALWAYS_EMBED_SWIFT_STANDARD_LIBRARIES = YES;
				CODE_SIGN_STYLE = Automatic;
				INFOPLIST_FILE = "Project-bUITests/Info.plist";
				LD_RUNPATH_SEARCH_PATHS = (
					"$(inherited)",
					"@executable_path/Frameworks",
					"@loader_path/Frameworks",
				);
				PRODUCT_BUNDLE_IDENTIFIER = "Dylan-Whitehurst.Project-bUITests";
				PRODUCT_NAME = "$(TARGET_NAME)";
				SWIFT_VERSION = 5.0;
				TARGETED_DEVICE_FAMILY = "1,2";
				TEST_TARGET_NAME = "Project-b";
			};
			name = Release;
		};
/* End XCBuildConfiguration section */

/* Begin XCConfigurationList section */
		253DEA8F25F17C8600070471 /* Build configuration list for PBXProject "Project-b" */ = {
			isa = XCConfigurationList;
			buildConfigurations = (
				253DEAB725F17C8900070471 /* Debug */,
				253DEAB825F17C8900070471 /* Release */,
			);
			defaultConfigurationIsVisible = 0;
			defaultConfigurationName = Release;
		};
		253DEAB925F17C8900070471 /* Build configuration list for PBXNativeTarget "Project-b" */ = {
			isa = XCConfigurationList;
			buildConfigurations = (
				253DEABA25F17C8900070471 /* Debug */,
				253DEABB25F17C8900070471 /* Release */,
			);
			defaultConfigurationIsVisible = 0;
			defaultConfigurationName = Release;
		};
		253DEABC25F17C8900070471 /* Build configuration list for PBXNativeTarget "Project-bTests" */ = {
			isa = XCConfigurationList;
			buildConfigurations = (
				253DEABD25F17C8900070471 /* Debug */,
				253DEABE25F17C8900070471 /* Release */,
			);
			defaultConfigurationIsVisible = 0;
			defaultConfigurationName = Release;
		};
		253DEABF25F17C8900070471 /* Build configuration list for PBXNativeTarget "Project-bUITests" */ = {
			isa = XCConfigurationList;
			buildConfigurations = (
				253DEAC025F17C8900070471 /* Debug */,
				253DEAC125F17C8900070471 /* Release */,
			);
			defaultConfigurationIsVisible = 0;
			defaultConfigurationName = Release;
		};
/* End XCConfigurationList section */

/* Begin XCRemoteSwiftPackageReference section */
		25DCC783260BC61E006E23EA /* XCRemoteSwiftPackageReference "Deque" */ = {
			isa = XCRemoteSwiftPackageReference;
			repositoryURL = "https://github.com/attaswift/Deque";
			requirement = {
				kind = upToNextMajorVersion;
				minimumVersion = 3.1.1;
			};
		};
/* End XCRemoteSwiftPackageReference section */

/* Begin XCSwiftPackageProductDependency section */
		25DCC784260BC61E006E23EA /* Deque */ = {
			isa = XCSwiftPackageProductDependency;
			package = 25DCC783260BC61E006E23EA /* XCRemoteSwiftPackageReference "Deque" */;
			productName = Deque;
		};
/* End XCSwiftPackageProductDependency section */
	};
	rootObject = 253DEA8C25F17C8600070471 /* Project object */;
}
